
Microsoft Visual Studio Solution File, Format Version 12.00
# Visual Studio Version 16
VisualStudioVersion = 16.0.30309.148
MinimumVisualStudioVersion = 10.0.40219.1
Project("{8BC9CEB8-8B4A-11D0-8D11-00A0C91BC942}") = "Task3.Mini-dictonory", "Task3.Mini-dictonory\Task3.Mini-dictonory.vcxproj", "{0F0B90D1-4911-4AC5-9AFF-84C8305E1352}"
EndProject
Project("{8BC9CEB8-8B4A-11D0-8D11-00A0C91BC942}") = "Task3_tests", "Task3_tests\Task3_tests.vcxproj", "{65BB821C-1376-4075-AA22-54E58B6ABA31}"
EndProject
Global
	GlobalSection(SolutionConfigurationPlatforms) = preSolution
		Debug|x64 = Debug|x64
		Debug|x86 = Debug|x86
		Release|x64 = Release|x64
		Release|x86 = Release|x86
	EndGlobalSection
	GlobalSection(ProjectConfigurationPlatforms) = postSolution
		{0F0B90D1-4911-4AC5-9AFF-84C8305E1352}.Debug|x64.ActiveCfg = Debug|x64
		{0F0B90D1-4911-4AC5-9AFF-84C8305E1352}.Debug|x64.Build.0 = Debug|x64
		{0F0B90D1-4911-4AC5-9AFF-84C8305E1352}.Debug|x86.ActiveCfg = Debug|Win32
		{0F0B90D1-4911-4AC5-9AFF-84C8305E1352}.Debug|x86.Build.0 = Debug|Win32
		{0F0B90D1-4911-4AC5-9AFF-84C8305E1352}.Release|x64.ActiveCfg = Release|x64
		{0F0B90D1-4911-4AC5-9AFF-84C8305E1352}.Release|x64.Build.0 = Release|x64
		{0F0B90D1-4911-4AC5-9AFF-84C8305E1352}.Release|x86.ActiveCfg = Release|Win32
		{0F0B90D1-4911-4AC5-9AFF-84C8305E1352}.Release|x86.Build.0 = Release|Win32
		{65BB821C-1376-4075-AA22-54E58B6ABA31}.Debug|x64.ActiveCfg = Debug|x64
		{65BB821C-1376-4075-AA22-54E58B6ABA31}.Debug|x64.Build.0 = Debug|x64
		{65BB821C-1376-4075-AA22-54E58B6ABA31}.Debug|x86.ActiveCfg = Debug|Win32
		{65BB821C-1376-4075-AA22-54E58B6ABA31}.Debug|x86.Build.0 = Debug|Win32
		{65BB821C-1376-4075-AA22-54E58B6ABA31}.Release|x64.ActiveCfg = Release|x64
		{65BB821C-1376-4075-AA22-54E58B6ABA31}.Release|x64.Build.0 = Release|x64
		{65BB821C-1376-4075-AA22-54E58B6ABA31}.Release|x86.ActiveCfg = Release|Win32
		{65BB821C-1376-4075-AA22-54E58B6ABA31}.Release|x86.Build.0 = Release|Win32
	EndGlobalSection
	GlobalSection(SolutionProperties) = preSolution
		HideSolutionNode = FALSE
	EndGlobalSection
	GlobalSection(ExtensibilityGlobals) = postSolution
		SolutionGuid = {84C367A6-454A-4AD0-84E1-5E3FB710199A}
	EndGlobalSection
EndGlobal
