
Microsoft Visual Studio Solution File, Format Version 12.00
# Visual Studio Version 16
VisualStudioVersion = 16.0.30309.148
MinimumVisualStudioVersion = 10.0.40219.1
Project("{8BC9CEB8-8B4A-11D0-8D11-00A0C91BC942}") = "Task7.HTTP_URL", "Task7.HTTP_URL\Task7.HTTP_URL.vcxproj", "{EDE77AEA-28C7-4CA6-A833-1376466D53D9}"
EndProject
Project("{8BC9CEB8-8B4A-11D0-8D11-00A0C91BC942}") = "task7_tests", "task7_tests\task7_tests.vcxproj", "{6520C020-0079-459C-9E49-CEA6C5448E3E}"
EndProject
Global
	GlobalSection(SolutionConfigurationPlatforms) = preSolution
		Debug|x64 = Debug|x64
		Debug|x86 = Debug|x86
		Release|x64 = Release|x64
		Release|x86 = Release|x86
	EndGlobalSection
	GlobalSection(ProjectConfigurationPlatforms) = postSolution
		{EDE77AEA-28C7-4CA6-A833-1376466D53D9}.Debug|x64.ActiveCfg = Debug|x64
		{EDE77AEA-28C7-4CA6-A833-1376466D53D9}.Debug|x64.Build.0 = Debug|x64
		{EDE77AEA-28C7-4CA6-A833-1376466D53D9}.Debug|x86.ActiveCfg = Debug|Win32
		{EDE77AEA-28C7-4CA6-A833-1376466D53D9}.Debug|x86.Build.0 = Debug|Win32
		{EDE77AEA-28C7-4CA6-A833-1376466D53D9}.Release|x64.ActiveCfg = Release|x64
		{EDE77AEA-28C7-4CA6-A833-1376466D53D9}.Release|x64.Build.0 = Release|x64
		{EDE77AEA-28C7-4CA6-A833-1376466D53D9}.Release|x86.ActiveCfg = Release|Win32
		{EDE77AEA-28C7-4CA6-A833-1376466D53D9}.Release|x86.Build.0 = Release|Win32
		{6520C020-0079-459C-9E49-CEA6C5448E3E}.Debug|x64.ActiveCfg = Debug|x64
		{6520C020-0079-459C-9E49-CEA6C5448E3E}.Debug|x64.Build.0 = Debug|x64
		{6520C020-0079-459C-9E49-CEA6C5448E3E}.Debug|x86.ActiveCfg = Debug|Win32
		{6520C020-0079-459C-9E49-CEA6C5448E3E}.Debug|x86.Build.0 = Debug|Win32
		{6520C020-0079-459C-9E49-CEA6C5448E3E}.Release|x64.ActiveCfg = Release|x64
		{6520C020-0079-459C-9E49-CEA6C5448E3E}.Release|x64.Build.0 = Release|x64
		{6520C020-0079-459C-9E49-CEA6C5448E3E}.Release|x86.ActiveCfg = Release|Win32
		{6520C020-0079-459C-9E49-CEA6C5448E3E}.Release|x86.Build.0 = Release|Win32
	EndGlobalSection
	GlobalSection(SolutionProperties) = preSolution
		HideSolutionNode = FALSE
	EndGlobalSection
	GlobalSection(ExtensibilityGlobals) = postSolution
		SolutionGuid = {1DEDA6E9-5583-42F7-AA34-AC302953C865}
	EndGlobalSection
EndGlobal
